
Microsoft Visual Studio Solution File, Format Version 12.00
# Visual Studio 2013
VisualStudioVersion = 12.0.21005.1
MinimumVisualStudioVersion = 10.0.40219.1
Project("{FAE04EC0-301F-11D3-BF4B-00C04F79EFBC}") = "ServerEmulator", "TeamspeakAccountingServer\ServerEmulator.csproj", "{998DB6D9-5A2C-4DEF-9D2D-E595B965B72E}"
EndProject
Project("{FAE04EC0-301F-11D3-BF4B-00C04F79EFBC}") = "ECCKeyBruteforce", "ECCKeyBruteforce\ECCKeyBruteforce.csproj", "{5740AD77-1F23-43FA-87CE-1A98D7AB5875}"
EndProject
Project("{2150E333-8FDC-42A3-9474-1A3956D46DE8}") = "CSharpSQlite", "CSharpSQlite", "{49AB996D-717E-4FBF-96D3-94B11FACDB89}"
EndProject
Project("{FAE04EC0-301F-11D3-BF4B-00C04F79EFBC}") = "Community.CsharpSqlite", "CSharpSQlite\Community.CsharpSqlite\Community.CsharpSqlite.csproj", "{F1653F20-D47D-4F29-8C55-3C835542AF5F}"
EndProject
Project("{FAE04EC0-301F-11D3-BF4B-00C04F79EFBC}") = "Community.CsharpSqlite.SQLiteClient", "CSharpSQlite\Community.CsharpSqlite.SQLiteClient\Community.CsharpSqlite.SQLiteClient.csproj", "{7BC68E61-C64C-488C-975F-1E2248383B80}"
EndProject
Project("{FAE04EC0-301F-11D3-BF4B-00C04F79EFBC}") = "TSTest", "TSTest\TSTest.csproj", "{C55D5258-AEAA-4E4F-BF96-5938EAB7572E}"
EndProject
Global
	GlobalSection(SolutionConfigurationPlatforms) = preSolution
		Debug|Any CPU = Debug|Any CPU
		Debug|Mixed Platforms = Debug|Mixed Platforms
		Debug|x86 = Debug|x86
		Release|Any CPU = Release|Any CPU
		Release|Mixed Platforms = Release|Mixed Platforms
		Release|x86 = Release|x86
	EndGlobalSection
	GlobalSection(ProjectConfigurationPlatforms) = postSolution
		{998DB6D9-5A2C-4DEF-9D2D-E595B965B72E}.Debug|Any CPU.ActiveCfg = Debug|x86
		{998DB6D9-5A2C-4DEF-9D2D-E595B965B72E}.Debug|Mixed Platforms.ActiveCfg = Debug|x86
		{998DB6D9-5A2C-4DEF-9D2D-E595B965B72E}.Debug|Mixed Platforms.Build.0 = Debug|x86
		{998DB6D9-5A2C-4DEF-9D2D-E595B965B72E}.Debug|x86.ActiveCfg = Debug|x86
		{998DB6D9-5A2C-4DEF-9D2D-E595B965B72E}.Debug|x86.Build.0 = Debug|x86
		{998DB6D9-5A2C-4DEF-9D2D-E595B965B72E}.Release|Any CPU.ActiveCfg = Release|x86
		{998DB6D9-5A2C-4DEF-9D2D-E595B965B72E}.Release|Mixed Platforms.ActiveCfg = Release|x86
		{998DB6D9-5A2C-4DEF-9D2D-E595B965B72E}.Release|Mixed Platforms.Build.0 = Release|x86
		{998DB6D9-5A2C-4DEF-9D2D-E595B965B72E}.Release|x86.ActiveCfg = Release|x86
		{998DB6D9-5A2C-4DEF-9D2D-E595B965B72E}.Release|x86.Build.0 = Release|x86
		{5740AD77-1F23-43FA-87CE-1A98D7AB5875}.Debug|Any CPU.ActiveCfg = Debug|x86
		{5740AD77-1F23-43FA-87CE-1A98D7AB5875}.Debug|Mixed Platforms.ActiveCfg = Debug|x86
		{5740AD77-1F23-43FA-87CE-1A98D7AB5875}.Debug|Mixed Platforms.Build.0 = Debug|x86
		{5740AD77-1F23-43FA-87CE-1A98D7AB5875}.Debug|x86.ActiveCfg = Debug|x86
		{5740AD77-1F23-43FA-87CE-1A98D7AB5875}.Debug|x86.Build.0 = Debug|x86
		{5740AD77-1F23-43FA-87CE-1A98D7AB5875}.Release|Any CPU.ActiveCfg = Release|x86
		{5740AD77-1F23-43FA-87CE-1A98D7AB5875}.Release|Mixed Platforms.ActiveCfg = Release|x86
		{5740AD77-1F23-43FA-87CE-1A98D7AB5875}.Release|Mixed Platforms.Build.0 = Release|x86
		{5740AD77-1F23-43FA-87CE-1A98D7AB5875}.Release|x86.ActiveCfg = Release|x86
		{5740AD77-1F23-43FA-87CE-1A98D7AB5875}.Release|x86.Build.0 = Release|x86
		{F1653F20-D47D-4F29-8C55-3C835542AF5F}.Debug|Any CPU.ActiveCfg = Debug|Any CPU
		{F1653F20-D47D-4F29-8C55-3C835542AF5F}.Debug|Any CPU.Build.0 = Debug|Any CPU
		{F1653F20-D47D-4F29-8C55-3C835542AF5F}.Debug|Mixed Platforms.ActiveCfg = Debug|x86
		{F1653F20-D47D-4F29-8C55-3C835542AF5F}.Debug|Mixed Platforms.Build.0 = Debug|x86
		{F1653F20-D47D-4F29-8C55-3C835542AF5F}.Debug|x86.ActiveCfg = Debug|x86
		{F1653F20-D47D-4F29-8C55-3C835542AF5F}.Debug|x86.Build.0 = Debug|x86
		{F1653F20-D47D-4F29-8C55-3C835542AF5F}.Release|Any CPU.ActiveCfg = Release|Any CPU
		{F1653F20-D47D-4F29-8C55-3C835542AF5F}.Release|Any CPU.Build.0 = Release|Any CPU
		{F1653F20-D47D-4F29-8C55-3C835542AF5F}.Release|Mixed Platforms.ActiveCfg = Release|x86
		{F1653F20-D47D-4F29-8C55-3C835542AF5F}.Release|Mixed Platforms.Build.0 = Release|x86
		{F1653F20-D47D-4F29-8C55-3C835542AF5F}.Release|x86.ActiveCfg = Release|x86
		{F1653F20-D47D-4F29-8C55-3C835542AF5F}.Release|x86.Build.0 = Release|x86
		{7BC68E61-C64C-488C-975F-1E2248383B80}.Debug|Any CPU.ActiveCfg = Debug|Any CPU
		{7BC68E61-C64C-488C-975F-1E2248383B80}.Debug|Any CPU.Build.0 = Debug|Any CPU
		{7BC68E61-C64C-488C-975F-1E2248383B80}.Debug|Mixed Platforms.ActiveCfg = Debug|x86
		{7BC68E61-C64C-488C-975F-1E2248383B80}.Debug|Mixed Platforms.Build.0 = Debug|x86
		{7BC68E61-C64C-488C-975F-1E2248383B80}.Debug|x86.ActiveCfg = Debug|x86
		{7BC68E61-C64C-488C-975F-1E2248383B80}.Debug|x86.Build.0 = Debug|x86
		{7BC68E61-C64C-488C-975F-1E2248383B80}.Release|Any CPU.ActiveCfg = Release|Any CPU
		{7BC68E61-C64C-488C-975F-1E2248383B80}.Release|Any CPU.Build.0 = Release|Any CPU
		{7BC68E61-C64C-488C-975F-1E2248383B80}.Release|Mixed Platforms.ActiveCfg = Release|x86
		{7BC68E61-C64C-488C-975F-1E2248383B80}.Release|Mixed Platforms.Build.0 = Release|x86
		{7BC68E61-C64C-488C-975F-1E2248383B80}.Release|x86.ActiveCfg = Release|x86
		{7BC68E61-C64C-488C-975F-1E2248383B80}.Release|x86.Build.0 = Release|x86
		{C55D5258-AEAA-4E4F-BF96-5938EAB7572E}.Debug|Any CPU.ActiveCfg = Debug|Any CPU
		{C55D5258-AEAA-4E4F-BF96-5938EAB7572E}.Debug|Any CPU.Build.0 = Debug|Any CPU
		{C55D5258-AEAA-4E4F-BF96-5938EAB7572E}.Debug|Mixed Platforms.ActiveCfg = Debug|Any CPU
		{C55D5258-AEAA-4E4F-BF96-5938EAB7572E}.Debug|Mixed Platforms.Build.0 = Debug|Any CPU
		{C55D5258-AEAA-4E4F-BF96-5938EAB7572E}.Debug|x86.ActiveCfg = Debug|Any CPU
		{C55D5258-AEAA-4E4F-BF96-5938EAB7572E}.Release|Any CPU.ActiveCfg = Release|Any CPU
		{C55D5258-AEAA-4E4F-BF96-5938EAB7572E}.Release|Any CPU.Build.0 = Release|Any CPU
		{C55D5258-AEAA-4E4F-BF96-5938EAB7572E}.Release|Mixed Platforms.ActiveCfg = Release|Any CPU
		{C55D5258-AEAA-4E4F-BF96-5938EAB7572E}.Release|Mixed Platforms.Build.0 = Release|Any CPU
		{C55D5258-AEAA-4E4F-BF96-5938EAB7572E}.Release|x86.ActiveCfg = Release|Any CPU
	EndGlobalSection
	GlobalSection(SolutionProperties) = preSolution
		HideSolutionNode = FALSE
	EndGlobalSection
	GlobalSection(NestedProjects) = preSolution
		{F1653F20-D47D-4F29-8C55-3C835542AF5F} = {49AB996D-717E-4FBF-96D3-94B11FACDB89}
		{7BC68E61-C64C-488C-975F-1E2248383B80} = {49AB996D-717E-4FBF-96D3-94B11FACDB89}
	EndGlobalSection
	GlobalSection(MonoDevelopProperties) = preSolution
		StartupItem = ECCKeyBruteforce\ECCKeyBruteforce.csproj
		Policies = $0
		$0.TextStylePolicy = $38
		$1.FileWidth = 120
		$1.TabsToSpaces = False
		$1.EolMarker = Unix
		$1.inheritsSet = VisualStudio
		$1.inheritsScope = text/plain
		$1.scope = text/plain
		$0.XmlFormattingPolicy = $2
		$2.inheritsSet = Mono
		$2.inheritsScope = application/xml
		$2.scope = application/xml
		$0.CSharpFormattingPolicy = $3
		$3.IndentSwitchBody = True
		$3.NamespaceBraceStyle = EndOfLine
		$3.ClassBraceStyle = EndOfLine
		$3.InterfaceBraceStyle = EndOfLine
		$3.StructBraceStyle = EndOfLine
		$3.EnumBraceStyle = EndOfLine
		$3.MethodBraceStyle = EndOfLine
		$3.ConstructorBraceStyle = EndOfLine
		$3.DestructorBraceStyle = EndOfLine
		$3.BeforeMethodDeclarationParentheses = False
		$3.BeforeMethodCallParentheses = False
		$3.BeforeConstructorDeclarationParentheses = False
		$3.BeforeIndexerDeclarationBracket = False
		$3.BeforeDelegateDeclarationParentheses = False
		$3.NewParentheses = False
		$3.SpacesBeforeBrackets = False
		$3.AlignToFirstMethodCallArgument = True
		$3.AlignToFirstIndexerArgument = True
		$3.inheritsSet = Mono
		$3.inheritsScope = text/x-csharp
		$3.scope = text/x-csharp
		$0.NameConventionPolicy = $4
		$4.Rules = $5
		$5.NamingRule = $30
		$6.Name = Namespaces
		$6.AffectedEntity = Namespace
		$6.VisibilityMask = VisibilityMask
		$6.NamingStyle = PascalCase
		$6.IncludeInstanceMembers = True
		$6.IncludeStaticEntities = True
		$7.Name = Types
		$7.AffectedEntity = Class, Struct, Enum, Delegate
		$7.VisibilityMask = VisibilityMask
		$7.NamingStyle = PascalCase
		$7.IncludeInstanceMembers = True
		$7.IncludeStaticEntities = True
		$8.Name = Interfaces
		$8.RequiredPrefixes = $9
		$9.String = I
		$8.AffectedEntity = Interface
		$8.VisibilityMask = VisibilityMask
		$8.NamingStyle = PascalCase
		$8.IncludeInstanceMembers = True
		$8.IncludeStaticEntities = True
		$10.Name = Attributes
		$10.RequiredSuffixes = $11
		$11.String = Attribute
		$10.AffectedEntity = CustomAttributes
		$10.VisibilityMask = VisibilityMask
		$10.NamingStyle = PascalCase
		$10.IncludeInstanceMembers = True
		$10.IncludeStaticEntities = True
		$12.Name = Event Arguments
		$12.RequiredSuffixes = $13
		$13.String = EventArgs
		$12.AffectedEntity = CustomEventArgs
		$12.VisibilityMask = VisibilityMask
		$12.NamingStyle = PascalCase
		$12.IncludeInstanceMembers = True
		$12.IncludeStaticEntities = True
		$14.Name = Exceptions
		$14.RequiredSuffixes = $15
		$15.String = Exception
		$14.AffectedEntity = CustomExceptions
		$14.VisibilityMask = VisibilityMask
		$14.NamingStyle = PascalCase
		$14.IncludeInstanceMembers = True
		$14.IncludeStaticEntities = True
		$16.Name = Methods
		$16.AffectedEntity = Methods
		$16.VisibilityMask = VisibilityMask
		$16.NamingStyle = PascalCase
		$16.IncludeInstanceMembers = True
		$16.IncludeStaticEntities = True
		$17.Name = Static Readonly Fields
		$17.AffectedEntity = ReadonlyField
		$17.VisibilityMask = Internal, Protected, Public
		$17.NamingStyle = PascalCase
		$17.IncludeInstanceMembers = False
		$17.IncludeStaticEntities = True
		$18.Name = Fields (Non Private)
		$18.AffectedEntity = Field
		$18.VisibilityMask = Internal, Protected, Public
		$18.NamingStyle = PascalCase
		$18.IncludeInstanceMembers = True
		$18.IncludeStaticEntities = True
		$19.Name = ReadOnly Fields (Non Private)
		$19.AffectedEntity = ReadonlyField
		$19.VisibilityMask = Internal, Protected, Public
		$19.NamingStyle = PascalCase
		$19.IncludeInstanceMembers = True
		$19.IncludeStaticEntities = False
		$20.Name = Fields (Private)
		$20.AllowedPrefixes = $21
		$21.String = m_
		$20.AffectedEntity = Field, ReadonlyField
		$20.VisibilityMask = Private
		$20.NamingStyle = CamelCase
		$20.IncludeInstanceMembers = True
		$20.IncludeStaticEntities = False
		$22.Name = Static Fields (Private)
		$22.AffectedEntity = Field
		$22.VisibilityMask = Private
		$22.NamingStyle = PascalCase
		$22.IncludeInstanceMembers = False
		$22.IncludeStaticEntities = True
		$23.Name = ReadOnly Fields (Private)
		$23.AllowedPrefixes = $24
		$24.String = m_
		$23.AffectedEntity = ReadonlyField
		$23.VisibilityMask = Private
		$23.NamingStyle = CamelCase
		$23.IncludeInstanceMembers = True
		$23.IncludeStaticEntities = False
		$25.Name = Constant Fields
		$25.AffectedEntity = ConstantField
		$25.VisibilityMask = VisibilityMask
		$25.NamingStyle = PascalCase
		$25.IncludeInstanceMembers = True
		$25.IncludeStaticEntities = True
		$26.Name = Properties
		$26.AffectedEntity = Property
		$26.VisibilityMask = VisibilityMask
		$26.NamingStyle = PascalCase
		$26.IncludeInstanceMembers = True
		$26.IncludeStaticEntities = True
		$27.Name = Events
		$27.AffectedEntity = Event
		$27.VisibilityMask = VisibilityMask
		$27.NamingStyle = PascalCase
		$27.IncludeInstanceMembers = True
		$27.IncludeStaticEntities = True
		$28.Name = Enum Members
		$28.AffectedEntity = EnumMember
		$28.VisibilityMask = VisibilityMask
		$28.NamingStyle = PascalCase
		$28.IncludeInstanceMembers = True
		$28.IncludeStaticEntities = True
		$29.Name = Parameters
		$29.AffectedEntity = Parameter
		$29.VisibilityMask = VisibilityMask
		$29.NamingStyle = CamelCase
		$29.IncludeInstanceMembers = True
		$29.IncludeStaticEntities = True
		$30.Name = Type Parameters
		$30.RequiredPrefixes = $31
		$31.String = T
		$30.AffectedEntity = TypeParameter
		$30.VisibilityMask = VisibilityMask
		$30.NamingStyle = PascalCase
		$30.IncludeInstanceMembers = True
		$30.IncludeStaticEntities = True
		$0.VersionControlPolicy = $32
		$32.CommitMessageStyle = $33
		$33.FileSeparator = ", "
		$33.InterMessageLines = 0
		$33.IncludeDirectoryPaths = True
		$33.Wrap = False
		$32.inheritsSet = Mono
		$0.ChangeLogPolicy = $34
		$34.MessageStyle = $35
		$35.Indent = 
		$35.FileSeparator = ", "
		$35.InterMessageLines = 0
		$35.Wrap = False
		$34.inheritsSet = Mono
		$0.DotNetNamingPolicy = $36
		$36.DirectoryNamespaceAssociation = PrefixedHierarchical
		$36.ResourceNamePolicy = FileName
		$37.FileWidth = 120
		$37.EolMarker = Unix
		$37.inheritsSet = Mono
		$37.inheritsScope = text/plain
		$37.scope = application/xml
		$38.FileWidth = 120
		$38.TabsToSpaces = False
		$38.EolMarker = Unix
		$38.inheritsSet = VisualStudio
		$38.inheritsScope = text/plain
		$38.scope = text/x-csharp
		$0.StandardHeader = $39
		$39.Text = 
		$39.IncludeInNewFiles = False
	EndGlobalSection
EndGlobal
